
Microsoft Visual Studio Solution File, Format Version 12.00
# Visual Studio Version 16
VisualStudioVersion = 16.0.31613.86
MinimumVisualStudioVersion = 10.0.40219.1
Project("{8BC9CEB8-8B4A-11D0-8D11-00A0C91BC942}") = "Project1", "Project1\Project1.vcxproj", "{6F5E926D-2A76-4865-A3CD-5127D2F4B743}"
EndProject
Project("{8BC9CEB8-8B4A-11D0-8D11-00A0C91BC942}") = "ArrifmeticMean", "..\Tutorial2\ArrifmeticMean\ArrifmeticMean.vcxproj", "{FD7BBF75-6939-4AFC-8A09-62763C12AF19}"
EndProject
Global
	GlobalSection(SolutionConfigurationPlatforms) = preSolution
		Debug|x64 = Debug|x64
		Debug|x86 = Debug|x86
		Release|x64 = Release|x64
		Release|x86 = Release|x86
	EndGlobalSection
	GlobalSection(ProjectConfigurationPlatforms) = postSolution
		{6F5E926D-2A76-4865-A3CD-5127D2F4B743}.Debug|x64.ActiveCfg = Debug|x64
		{6F5E926D-2A76-4865-A3CD-5127D2F4B743}.Debug|x64.Build.0 = Debug|x64
		{6F5E926D-2A76-4865-A3CD-5127D2F4B743}.Debug|x86.ActiveCfg = Debug|Win32
		{6F5E926D-2A76-4865-A3CD-5127D2F4B743}.Debug|x86.Build.0 = Debug|Win32
		{6F5E926D-2A76-4865-A3CD-5127D2F4B743}.Release|x64.ActiveCfg = Release|x64
		{6F5E926D-2A76-4865-A3CD-5127D2F4B743}.Release|x64.Build.0 = Release|x64
		{6F5E926D-2A76-4865-A3CD-5127D2F4B743}.Release|x86.ActiveCfg = Release|Win32
		{6F5E926D-2A76-4865-A3CD-5127D2F4B743}.Release|x86.Build.0 = Release|Win32
		{FD7BBF75-6939-4AFC-8A09-62763C12AF19}.Debug|x64.ActiveCfg = Debug|x64
		{FD7BBF75-6939-4AFC-8A09-62763C12AF19}.Debug|x64.Build.0 = Debug|x64
		{FD7BBF75-6939-4AFC-8A09-62763C12AF19}.Debug|x86.ActiveCfg = Debug|Win32
		{FD7BBF75-6939-4AFC-8A09-62763C12AF19}.Debug|x86.Build.0 = Debug|Win32
		{FD7BBF75-6939-4AFC-8A09-62763C12AF19}.Release|x64.ActiveCfg = Release|x64
		{FD7BBF75-6939-4AFC-8A09-62763C12AF19}.Release|x64.Build.0 = Release|x64
		{FD7BBF75-6939-4AFC-8A09-62763C12AF19}.Release|x86.ActiveCfg = Release|Win32
		{FD7BBF75-6939-4AFC-8A09-62763C12AF19}.Release|x86.Build.0 = Release|Win32
	EndGlobalSection
	GlobalSection(SolutionProperties) = preSolution
		HideSolutionNode = FALSE
	EndGlobalSection
	GlobalSection(ExtensibilityGlobals) = postSolution
		SolutionGuid = {A8D48303-13BA-428A-AB02-99599462306E}
	EndGlobalSection
EndGlobal
